
Microsoft Visual Studio Solution File, Format Version 12.00
# Visual Studio Version 17
VisualStudioVersion = 17.7.34031.279
MinimumVisualStudioVersion = 10.0.40219.1
Project("{FAE04EC0-301F-11D3-BF4B-00C04F79EFBC}") = "HexaShopF", "HexaShopF.csproj", "{8D85455A-5029-4801-AA5A-FFFF0620A52F}"
EndProject
Global
	GlobalSection(SolutionConfigurationPlatforms) = preSolution
		Debug|Any CPU = Debug|Any CPU
		Release|Any CPU = Release|Any CPU
	EndGlobalSection
	GlobalSection(ProjectConfigurationPlatforms) = postSolution
		{8D85455A-5029-4801-AA5A-FFFF0620A52F}.Debug|Any CPU.ActiveCfg = Debug|Any CPU
		{8D85455A-5029-4801-AA5A-FFFF0620A52F}.Debug|Any CPU.Build.0 = Debug|Any CPU
		{8D85455A-5029-4801-AA5A-FFFF0620A52F}.Release|Any CPU.ActiveCfg = Release|Any CPU
		{8D85455A-5029-4801-AA5A-FFFF0620A52F}.Release|Any CPU.Build.0 = Release|Any CPU
	EndGlobalSection
	GlobalSection(SolutionProperties) = preSolution
		HideSolutionNode = FALSE
	EndGlobalSection
	GlobalSection(ExtensibilityGlobals) = postSolution
		SolutionGuid = {3A193ED2-BFBE-4988-8656-C21D8B861B33}
	EndGlobalSection
EndGlobal
